
Microsoft Visual Studio Solution File, Format Version 12.00
# Visual Studio Version 17
VisualStudioVersion = 17.2.32516.85
MinimumVisualStudioVersion = 10.0.40219.1
Project("{FAE04EC0-301F-11D3-BF4B-00C04F79EFBC}") = "IJ", "IJ.csproj", "{87B4D271-4A8C-49D4-8A93-E3657CE2704F}"
EndProject
Global
	GlobalSection(SolutionConfigurationPlatforms) = preSolution
		Debug|Any CPU = Debug|Any CPU
		Release|Any CPU = Release|Any CPU
	EndGlobalSection
	GlobalSection(ProjectConfigurationPlatforms) = postSolution
		{87B4D271-4A8C-49D4-8A93-E3657CE2704F}.Debug|Any CPU.ActiveCfg = Debug|Any CPU
		{87B4D271-4A8C-49D4-8A93-E3657CE2704F}.Debug|Any CPU.Build.0 = Debug|Any CPU
		{87B4D271-4A8C-49D4-8A93-E3657CE2704F}.Release|Any CPU.ActiveCfg = Release|Any CPU
		{87B4D271-4A8C-49D4-8A93-E3657CE2704F}.Release|Any CPU.Build.0 = Release|Any CPU
	EndGlobalSection
	GlobalSection(SolutionProperties) = preSolution
		HideSolutionNode = FALSE
	EndGlobalSection
	GlobalSection(ExtensibilityGlobals) = postSolution
		SolutionGuid = {0760F6D3-362B-4B40-BB87-7148DFAA7D66}
	EndGlobalSection
EndGlobal
